
Microsoft Visual Studio Solution File, Format Version 12.00
# Visual Studio Version 17
VisualStudioVersion = 17.8.0.0
MinimumVisualStudioVersion = 17.8.0.0
Project("{2150E333-8FDC-42A3-9474-1A3956D46DE8}") = "src", "src", "{827E0CD3-B72D-47B6-A68D-7590B98EB39B}"
EndProject
Project("{FAE04EC0-301F-11D3-BF4B-00C04F79EFBC}") = "MovieDatabase.AppHost", "src\MovieDatabase.AppHost\MovieDatabase.AppHost.csproj", "{170482D3-8A4E-40B6-8B81-5939DF018B21}"
EndProject
Project("{FAE04EC0-301F-11D3-BF4B-00C04F79EFBC}") = "MovieDatabase.ServiceDefaults", "src\MovieDatabase.ServiceDefaults\MovieDatabase.ServiceDefaults.csproj", "{D61169E4-ABC4-4C29-8B28-2360F7D5D93D}"
EndProject
Global
	GlobalSection(SolutionConfigurationPlatforms) = preSolution
		Debug|Any CPU = Debug|Any CPU
		Debug|x64 = Debug|x64
		Debug|x86 = Debug|x86
		Release|Any CPU = Release|Any CPU
		Release|x64 = Release|x64
		Release|x86 = Release|x86
	EndGlobalSection
	GlobalSection(ProjectConfigurationPlatforms) = postSolution
		{170482D3-8A4E-40B6-8B81-5939DF018B21}.Debug|Any CPU.ActiveCfg = Debug|Any CPU
		{170482D3-8A4E-40B6-8B81-5939DF018B21}.Debug|Any CPU.Build.0 = Debug|Any CPU
		{170482D3-8A4E-40B6-8B81-5939DF018B21}.Debug|x64.ActiveCfg = Debug|Any CPU
		{170482D3-8A4E-40B6-8B81-5939DF018B21}.Debug|x64.Build.0 = Debug|Any CPU
		{170482D3-8A4E-40B6-8B81-5939DF018B21}.Debug|x86.ActiveCfg = Debug|Any CPU
		{170482D3-8A4E-40B6-8B81-5939DF018B21}.Debug|x86.Build.0 = Debug|Any CPU
		{170482D3-8A4E-40B6-8B81-5939DF018B21}.Release|Any CPU.ActiveCfg = Release|Any CPU
		{170482D3-8A4E-40B6-8B81-5939DF018B21}.Release|Any CPU.Build.0 = Release|Any CPU
		{170482D3-8A4E-40B6-8B81-5939DF018B21}.Release|x64.ActiveCfg = Release|Any CPU
		{170482D3-8A4E-40B6-8B81-5939DF018B21}.Release|x64.Build.0 = Release|Any CPU
		{170482D3-8A4E-40B6-8B81-5939DF018B21}.Release|x86.ActiveCfg = Release|Any CPU
		{170482D3-8A4E-40B6-8B81-5939DF018B21}.Release|x86.Build.0 = Release|Any CPU
		{D61169E4-ABC4-4C29-8B28-2360F7D5D93D}.Debug|Any CPU.ActiveCfg = Debug|Any CPU
		{D61169E4-ABC4-4C29-8B28-2360F7D5D93D}.Debug|Any CPU.Build.0 = Debug|Any CPU
		{D61169E4-ABC4-4C29-8B28-2360F7D5D93D}.Debug|x64.ActiveCfg = Debug|Any CPU
		{D61169E4-ABC4-4C29-8B28-2360F7D5D93D}.Debug|x64.Build.0 = Debug|Any CPU
		{D61169E4-ABC4-4C29-8B28-2360F7D5D93D}.Debug|x86.ActiveCfg = Debug|Any CPU
		{D61169E4-ABC4-4C29-8B28-2360F7D5D93D}.Debug|x86.Build.0 = Debug|Any CPU
		{D61169E4-ABC4-4C29-8B28-2360F7D5D93D}.Release|Any CPU.ActiveCfg = Release|Any CPU
		{D61169E4-ABC4-4C29-8B28-2360F7D5D93D}.Release|Any CPU.Build.0 = Release|Any CPU
		{D61169E4-ABC4-4C29-8B28-2360F7D5D93D}.Release|x64.ActiveCfg = Release|Any CPU
		{D61169E4-ABC4-4C29-8B28-2360F7D5D93D}.Release|x64.Build.0 = Release|Any CPU
		{D61169E4-ABC4-4C29-8B28-2360F7D5D93D}.Release|x86.ActiveCfg = Release|Any CPU
		{D61169E4-ABC4-4C29-8B28-2360F7D5D93D}.Release|x86.Build.0 = Release|Any CPU
	EndGlobalSection
	GlobalSection(SolutionProperties) = preSolution
		HideSolutionNode = FALSE
	EndGlobalSection
	GlobalSection(NestedProjects) = preSolution
		{170482D3-8A4E-40B6-8B81-5939DF018B21} = {827E0CD3-B72D-47B6-A68D-7590B98EB39B}
		{D61169E4-ABC4-4C29-8B28-2360F7D5D93D} = {827E0CD3-B72D-47B6-A68D-7590B98EB39B}
	EndGlobalSection
	GlobalSection(ExtensibilityGlobals) = postSolution
		SolutionGuid = {1406E60B-0DD4-4477-8983-CA3AE8F56893}
	EndGlobalSection
EndGlobal
